
Microsoft Visual Studio Solution File, Format Version 12.00
# Visual Studio Version 17
VisualStudioVersion = 17.9.34723.18
MinimumVisualStudioVersion = 10.0.40219.1
Project("{9A19103F-16F7-4668-BE54-9A1E7A4F7556}") = "Platformer001", "Platformer001\Platformer001.csproj", "{29FC5534-3C9D-430C-BCB3-2DBC2137A77F}"
EndProject
Project("{9A19103F-16F7-4668-BE54-9A1E7A4F7556}") = "Platformer002", "Platformer002\Platformer002.csproj", "{811EADD8-C5BC-49D6-869F-028828820966}"
EndProject
Project("{9A19103F-16F7-4668-BE54-9A1E7A4F7556}") = "Platformer003", "Platformer003\Platformer003.csproj", "{7CA3811D-4993-49ED-8627-E69B640A87D4}"
EndProject
Project("{9A19103F-16F7-4668-BE54-9A1E7A4F7556}") = "Platformer004", "Platformer004\Platformer004.csproj", "{937B1792-35D1-4183-9ACC-EAA23DE1CD38}"
EndProject
Project("{9A19103F-16F7-4668-BE54-9A1E7A4F7556}") = "DirectXProject", "DirectXProject\DirectXProject.csproj", "{BE3CCBFD-E2EB-407E-89BC-B545590C13E0}"
EndProject
Project("{9A19103F-16F7-4668-BE54-9A1E7A4F7556}") = "Platformer005", "Platformer005\Platformer005.csproj", "{EBD1BEA0-894F-4F90-82BE-2A50B08DCFDE}"
EndProject
Project("{9A19103F-16F7-4668-BE54-9A1E7A4F7556}") = "Platformer006", "Platformer006\Platformer006.csproj", "{3723452B-C277-422D-80FB-1D451E8E6271}"
EndProject
Global
	GlobalSection(SolutionConfigurationPlatforms) = preSolution
		Debug|Any CPU = Debug|Any CPU
		Release|Any CPU = Release|Any CPU
		Test|Any CPU = Test|Any CPU
	EndGlobalSection
	GlobalSection(ProjectConfigurationPlatforms) = postSolution
		{29FC5534-3C9D-430C-BCB3-2DBC2137A77F}.Debug|Any CPU.ActiveCfg = Debug|Any CPU
		{29FC5534-3C9D-430C-BCB3-2DBC2137A77F}.Debug|Any CPU.Build.0 = Debug|Any CPU
		{29FC5534-3C9D-430C-BCB3-2DBC2137A77F}.Release|Any CPU.ActiveCfg = Release|Any CPU
		{29FC5534-3C9D-430C-BCB3-2DBC2137A77F}.Release|Any CPU.Build.0 = Release|Any CPU
		{29FC5534-3C9D-430C-BCB3-2DBC2137A77F}.Test|Any CPU.ActiveCfg = Test|Any CPU
		{29FC5534-3C9D-430C-BCB3-2DBC2137A77F}.Test|Any CPU.Build.0 = Test|Any CPU
		{811EADD8-C5BC-49D6-869F-028828820966}.Debug|Any CPU.ActiveCfg = Debug|Any CPU
		{811EADD8-C5BC-49D6-869F-028828820966}.Debug|Any CPU.Build.0 = Debug|Any CPU
		{811EADD8-C5BC-49D6-869F-028828820966}.Release|Any CPU.ActiveCfg = Release|Any CPU
		{811EADD8-C5BC-49D6-869F-028828820966}.Release|Any CPU.Build.0 = Release|Any CPU
		{811EADD8-C5BC-49D6-869F-028828820966}.Test|Any CPU.ActiveCfg = Test|Any CPU
		{811EADD8-C5BC-49D6-869F-028828820966}.Test|Any CPU.Build.0 = Test|Any CPU
		{7CA3811D-4993-49ED-8627-E69B640A87D4}.Debug|Any CPU.ActiveCfg = Debug|Any CPU
		{7CA3811D-4993-49ED-8627-E69B640A87D4}.Debug|Any CPU.Build.0 = Debug|Any CPU
		{7CA3811D-4993-49ED-8627-E69B640A87D4}.Release|Any CPU.ActiveCfg = Release|Any CPU
		{7CA3811D-4993-49ED-8627-E69B640A87D4}.Release|Any CPU.Build.0 = Release|Any CPU
		{7CA3811D-4993-49ED-8627-E69B640A87D4}.Test|Any CPU.ActiveCfg = Test|Any CPU
		{7CA3811D-4993-49ED-8627-E69B640A87D4}.Test|Any CPU.Build.0 = Test|Any CPU
		{937B1792-35D1-4183-9ACC-EAA23DE1CD38}.Debug|Any CPU.ActiveCfg = Debug|Any CPU
		{937B1792-35D1-4183-9ACC-EAA23DE1CD38}.Debug|Any CPU.Build.0 = Debug|Any CPU
		{937B1792-35D1-4183-9ACC-EAA23DE1CD38}.Release|Any CPU.ActiveCfg = Release|Any CPU
		{937B1792-35D1-4183-9ACC-EAA23DE1CD38}.Release|Any CPU.Build.0 = Release|Any CPU
		{937B1792-35D1-4183-9ACC-EAA23DE1CD38}.Test|Any CPU.ActiveCfg = Test|Any CPU
		{937B1792-35D1-4183-9ACC-EAA23DE1CD38}.Test|Any CPU.Build.0 = Test|Any CPU
		{BE3CCBFD-E2EB-407E-89BC-B545590C13E0}.Debug|Any CPU.ActiveCfg = Debug|Any CPU
		{BE3CCBFD-E2EB-407E-89BC-B545590C13E0}.Debug|Any CPU.Build.0 = Debug|Any CPU
		{BE3CCBFD-E2EB-407E-89BC-B545590C13E0}.Release|Any CPU.ActiveCfg = Release|Any CPU
		{BE3CCBFD-E2EB-407E-89BC-B545590C13E0}.Release|Any CPU.Build.0 = Release|Any CPU
		{BE3CCBFD-E2EB-407E-89BC-B545590C13E0}.Test|Any CPU.ActiveCfg = Debug|Any CPU
		{BE3CCBFD-E2EB-407E-89BC-B545590C13E0}.Test|Any CPU.Build.0 = Debug|Any CPU
		{EBD1BEA0-894F-4F90-82BE-2A50B08DCFDE}.Debug|Any CPU.ActiveCfg = Debug|Any CPU
		{EBD1BEA0-894F-4F90-82BE-2A50B08DCFDE}.Debug|Any CPU.Build.0 = Debug|Any CPU
		{EBD1BEA0-894F-4F90-82BE-2A50B08DCFDE}.Release|Any CPU.ActiveCfg = Release|Any CPU
		{EBD1BEA0-894F-4F90-82BE-2A50B08DCFDE}.Release|Any CPU.Build.0 = Release|Any CPU
		{EBD1BEA0-894F-4F90-82BE-2A50B08DCFDE}.Test|Any CPU.ActiveCfg = Test|Any CPU
		{EBD1BEA0-894F-4F90-82BE-2A50B08DCFDE}.Test|Any CPU.Build.0 = Test|Any CPU
		{3723452B-C277-422D-80FB-1D451E8E6271}.Debug|Any CPU.ActiveCfg = Debug|Any CPU
		{3723452B-C277-422D-80FB-1D451E8E6271}.Debug|Any CPU.Build.0 = Debug|Any CPU
		{3723452B-C277-422D-80FB-1D451E8E6271}.Release|Any CPU.ActiveCfg = Release|Any CPU
		{3723452B-C277-422D-80FB-1D451E8E6271}.Release|Any CPU.Build.0 = Release|Any CPU
		{3723452B-C277-422D-80FB-1D451E8E6271}.Test|Any CPU.ActiveCfg = Test|Any CPU
		{3723452B-C277-422D-80FB-1D451E8E6271}.Test|Any CPU.Build.0 = Test|Any CPU
	EndGlobalSection
	GlobalSection(SolutionProperties) = preSolution
		HideSolutionNode = FALSE
	EndGlobalSection
	GlobalSection(ExtensibilityGlobals) = postSolution
		SolutionGuid = {2DC8997A-00BA-4B93-B719-50BB888B9102}
	EndGlobalSection
EndGlobal
